
Microsoft Visual Studio Solution File, Format Version 12.00
# Visual Studio Version 17
VisualStudioVersion = 17.11.35303.130
MinimumVisualStudioVersion = 10.0.40219.1
Project("{FAE04EC0-301F-11D3-BF4B-00C04F79EFBC}") = "ShopGoWeb4", "ShopGoWeb4\ShopGoWeb4.csproj", "{AE8BF401-ABDC-465A-87CC-01370D1BC31A}"
EndProject
Global
	GlobalSection(SolutionConfigurationPlatforms) = preSolution
		Debug|Any CPU = Debug|Any CPU
		Release|Any CPU = Release|Any CPU
	EndGlobalSection
	GlobalSection(ProjectConfigurationPlatforms) = postSolution
		{AE8BF401-ABDC-465A-87CC-01370D1BC31A}.Debug|Any CPU.ActiveCfg = Debug|Any CPU
		{AE8BF401-ABDC-465A-87CC-01370D1BC31A}.Debug|Any CPU.Build.0 = Debug|Any CPU
		{AE8BF401-ABDC-465A-87CC-01370D1BC31A}.Release|Any CPU.ActiveCfg = Release|Any CPU
		{AE8BF401-ABDC-465A-87CC-01370D1BC31A}.Release|Any CPU.Build.0 = Release|Any CPU
	EndGlobalSection
	GlobalSection(SolutionProperties) = preSolution
		HideSolutionNode = FALSE
	EndGlobalSection
	GlobalSection(ExtensibilityGlobals) = postSolution
		SolutionGuid = {A9F3F61B-20C7-4A92-A3EA-4C9730716789}
	EndGlobalSection
EndGlobal
